
Microsoft Visual Studio Solution File, Format Version 12.00
# Visual Studio Version 17
VisualStudioVersion = 17.14.36915.13 d17.14
MinimumVisualStudioVersion = 10.0.40219.1
Project("{FAE04EC0-301F-11D3-BF4B-00C04F79EFBC}") = "AssessmentDotNet", "AssessmentDotNet\AssessmentDotNet.csproj", "{3E433442-30FE-402C-871C-FCF462EE68B1}"
EndProject
Global
	GlobalSection(SolutionConfigurationPlatforms) = preSolution
		Debug|Any CPU = Debug|Any CPU
		Release|Any CPU = Release|Any CPU
	EndGlobalSection
	GlobalSection(ProjectConfigurationPlatforms) = postSolution
		{3E433442-30FE-402C-871C-FCF462EE68B1}.Debug|Any CPU.ActiveCfg = Debug|Any CPU
		{3E433442-30FE-402C-871C-FCF462EE68B1}.Debug|Any CPU.Build.0 = Debug|Any CPU
		{3E433442-30FE-402C-871C-FCF462EE68B1}.Release|Any CPU.ActiveCfg = Release|Any CPU
		{3E433442-30FE-402C-871C-FCF462EE68B1}.Release|Any CPU.Build.0 = Release|Any CPU
	EndGlobalSection
	GlobalSection(SolutionProperties) = preSolution
		HideSolutionNode = FALSE
	EndGlobalSection
	GlobalSection(ExtensibilityGlobals) = postSolution
		SolutionGuid = {E09F03C9-1A6C-45DF-B7EA-19798EAC9E6C}
	EndGlobalSection
EndGlobal
